// !$*UTF8*$!
{
	archiveVersion = 1;
	classes = {
	};
	objectVersion = 50;
	objects = {

/* Begin PBXBuildFile section */
		BE605D6F230DB78A00B7200F /* AppDelegate.swift in Sources */ = {isa = PBXBuildFile; fileRef = BE605D6E230DB78A00B7200F /* AppDelegate.swift */; };
		BE605D71230DB78A00B7200F /* AuthViewController.swift in Sources */ = {isa = PBXBuildFile; fileRef = BE605D70230DB78A00B7200F /* AuthViewController.swift */; };
		BE605D74230DB78A00B7200F /* Main.storyboard in Resources */ = {isa = PBXBuildFile; fileRef = BE605D72230DB78A00B7200F /* Main.storyboard */; };
		BE605D76230DB78B00B7200F /* Assets.xcassets in Resources */ = {isa = PBXBuildFile; fileRef = BE605D75230DB78B00B7200F /* Assets.xcassets */; };
		BE605D79230DB78B00B7200F /* LaunchScreen.storyboard in Resources */ = {isa = PBXBuildFile; fileRef = BE605D77230DB78B00B7200F /* LaunchScreen.storyboard */; };
		BE605D97230DE8E100B7200F /* TweetsViewController.swift in Sources */ = {isa = PBXBuildFile; fileRef = BE605D96230DE8E100B7200F /* TweetsViewController.swift */; };
		BE605D99230DED1400B7200F /* TweetCell.swift in Sources */ = {isa = PBXBuildFile; fileRef = BE605D98230DED1400B7200F /* TweetCell.swift */; };
		BEAC37DE2310E7A800671150 /* NetworkHelper.swift in Sources */ = {isa = PBXBuildFile; fileRef = BEAC37DD2310E7A800671150 /* NetworkHelper.swift */; };
/* End PBXBuildFile section */

/* Begin PBXContainerItemProxy section */
		BEDAD1FF23109A4A00592C01 /* PBXContainerItemProxy */ = {
			isa = PBXContainerItemProxy;
			containerPortal = BEDAD1F723109A4A00592C01 /* Swifter.xcodeproj */;
			proxyType = 2;
			remoteGlobalIDString = 8B300C1F1944AA1A00993175;
			remoteInfo = SwifterDemoiOS;
		};
		BEDAD20123109A4A00592C01 /* PBXContainerItemProxy */ = {
			isa = PBXContainerItemProxy;
			containerPortal = BEDAD1F723109A4A00592C01 /* Swifter.xcodeproj */;
			proxyType = 2;
			remoteGlobalIDString = 8B9F50EE1944A5AB00894629;
			remoteInfo = SwifteriOS;
		};
		BEDAD20323109A4A00592C01 /* PBXContainerItemProxy */ = {
			isa = PBXContainerItemProxy;
			containerPortal = BEDAD1F723109A4A00592C01 /* Swifter.xcodeproj */;
			proxyType = 2;
			remoteGlobalIDString = 8B9F51131944A61D00894629;
			remoteInfo = SwifterMac;
		};
		BEDAD20523109A4A00592C01 /* PBXContainerItemProxy */ = {
			isa = PBXContainerItemProxy;
			containerPortal = BEDAD1F723109A4A00592C01 /* Swifter.xcodeproj */;
			proxyType = 2;
			remoteGlobalIDString = 8B300C471944AECB00993175;
			remoteInfo = SwifterDemoMac;
		};
		BEDAD20723109A4A00592C01 /* PBXContainerItemProxy */ = {
			isa = PBXContainerItemProxy;
			containerPortal = BEDAD1F723109A4A00592C01 /* Swifter.xcodeproj */;
			proxyType = 2;
			remoteGlobalIDString = F6B4D5751C7BAC4500E06514;
			remoteInfo = SwifterTests;
		};
/* End PBXContainerItemProxy section */

/* Begin PBXFileReference section */
		BE605D6B230DB78A00B7200F /* Parotter.app */ = {isa = PBXFileReference; explicitFileType = wrapper.application; includeInIndex = 0; path = Parotter.app; sourceTree = BUILT_PRODUCTS_DIR; };
		BE605D6E230DB78A00B7200F /* AppDelegate.swift */ = {isa = PBXFileReference; lastKnownFileType = sourcecode.swift; path = AppDelegate.swift; sourceTree = "<group>"; };
		BE605D70230DB78A00B7200F /* AuthViewController.swift */ = {isa = PBXFileReference; lastKnownFileType = sourcecode.swift; path = AuthViewController.swift; sourceTree = "<group>"; };
		BE605D73230DB78A00B7200F /* Base */ = {isa = PBXFileReference; lastKnownFileType = file.storyboard; name = Base; path = Base.lproj/Main.storyboard; sourceTree = "<group>"; };
		BE605D75230DB78B00B7200F /* Assets.xcassets */ = {isa = PBXFileReference; lastKnownFileType = folder.assetcatalog; path = Assets.xcassets; sourceTree = "<group>"; };
		BE605D78230DB78B00B7200F /* Base */ = {isa = PBXFileReference; lastKnownFileType = file.storyboard; name = Base; path = Base.lproj/LaunchScreen.storyboard; sourceTree = "<group>"; };
		BE605D7A230DB78B00B7200F /* Info.plist */ = {isa = PBXFileReference; lastKnownFileType = text.plist.xml; path = Info.plist; sourceTree = "<group>"; };
		BE605D96230DE8E100B7200F /* TweetsViewController.swift */ = {isa = PBXFileReference; lastKnownFileType = sourcecode.swift; path = TweetsViewController.swift; sourceTree = "<group>"; };
		BE605D98230DED1400B7200F /* TweetCell.swift */ = {isa = PBXFileReference; lastKnownFileType = sourcecode.swift; path = TweetCell.swift; sourceTree = "<group>"; };
		BEAC37DD2310E7A800671150 /* NetworkHelper.swift */ = {isa = PBXFileReference; lastKnownFileType = sourcecode.swift; path = NetworkHelper.swift; sourceTree = "<group>"; };
		BEDAD1F723109A4A00592C01 /* Swifter.xcodeproj */ = {isa = PBXFileReference; lastKnownFileType = "wrapper.pb-project"; name = Swifter.xcodeproj; path = "Swifter-2.2.2/Swifter.xcodeproj"; sourceTree = "<group>"; };
/* End PBXFileReference section */

/* Begin PBXFrameworksBuildPhase section */
		BE605D68230DB78A00B7200F /* Frameworks */ = {
			isa = PBXFrameworksBuildPhase;
			buildActionMask = 2147483647;
			files = (
			);
			runOnlyForDeploymentPostprocessing = 0;
		};
/* End PBXFrameworksBuildPhase section */

/* Begin PBXGroup section */
		BE605D62230DB78A00B7200F = {
			isa = PBXGroup;
			children = (
				BEDAD1F723109A4A00592C01 /* Swifter.xcodeproj */,
				BE605D6D230DB78A00B7200F /* Parotter */,
				BE605D6C230DB78A00B7200F /* Products */,
				BE605D92230DB80500B7200F /* Frameworks */,
			);
			sourceTree = "<group>";
		};
		BE605D6C230DB78A00B7200F /* Products */ = {
			isa = PBXGroup;
			children = (
				BE605D6B230DB78A00B7200F /* Parotter.app */,
			);
			name = Products;
			sourceTree = "<group>";
		};
		BE605D6D230DB78A00B7200F /* Parotter */ = {
			isa = PBXGroup;
			children = (
				BE605D6E230DB78A00B7200F /* AppDelegate.swift */,
				BE605D70230DB78A00B7200F /* AuthViewController.swift */,
				BE605D72230DB78A00B7200F /* Main.storyboard */,
				BE605D75230DB78B00B7200F /* Assets.xcassets */,
				BEAC37DD2310E7A800671150 /* NetworkHelper.swift */,
				BE605D77230DB78B00B7200F /* LaunchScreen.storyboard */,
				BE605D7A230DB78B00B7200F /* Info.plist */,
				BE605D96230DE8E100B7200F /* TweetsViewController.swift */,
				BE605D98230DED1400B7200F /* TweetCell.swift */,
			);
			path = Parotter;
			sourceTree = "<group>";
		};
		BE605D92230DB80500B7200F /* Frameworks */ = {
			isa = PBXGroup;
			children = (
			);
			name = Frameworks;
			sourceTree = "<group>";
		};
		BEDAD1F823109A4A00592C01 /* Products */ = {
			isa = PBXGroup;
			children = (
				BEDAD20023109A4A00592C01 /* SwifterDemoiOS.app */,
				BEDAD20223109A4A00592C01 /* SwifteriOS.framework */,
				BEDAD20423109A4A00592C01 /* SwifterMac.framework */,
				BEDAD20623109A4A00592C01 /* SwifterDemoMac.app */,
				BEDAD20823109A4A00592C01 /* SwifterTests.xctest */,
			);
			name = Products;
			sourceTree = "<group>";
		};
/* End PBXGroup section */

/* Begin PBXNativeTarget section */
		BE605D6A230DB78A00B7200F /* Parotter */ = {
			isa = PBXNativeTarget;
			buildConfigurationList = BE605D7D230DB78B00B7200F /* Build configuration list for PBXNativeTarget "Parotter" */;
			buildPhases = (
				BE605D67230DB78A00B7200F /* Sources */,
				BE605D68230DB78A00B7200F /* Frameworks */,
				BE605D69230DB78A00B7200F /* Resources */,
			);
			buildRules = (
			);
			dependencies = (
			);
			name = Parotter;
			productName = Parotter;
			productReference = BE605D6B230DB78A00B7200F /* Parotter.app */;
			productType = "com.apple.product-type.application";
		};
/* End PBXNativeTarget section */

/* Begin PBXProject section */
		BE605D63230DB78A00B7200F /* Project object */ = {
			isa = PBXProject;
			attributes = {
				LastSwiftUpdateCheck = 1030;
				LastUpgradeCheck = 1030;
				ORGANIZATIONNAME = "Fan Zhang";
				TargetAttributes = {
					BE605D6A230DB78A00B7200F = {
						CreatedOnToolsVersion = 10.3;
					};
				};
			};
			buildConfigurationList = BE605D66230DB78A00B7200F /* Build configuration list for PBXProject "Parotter" */;
			compatibilityVersion = "Xcode 9.3";
			developmentRegion = en;
			hasScannedForEncodings = 0;
			knownRegions = (
				en,
				Base,
			);
			mainGroup = BE605D62230DB78A00B7200F;
			productRefGroup = BE605D6C230DB78A00B7200F /* Products */;
			projectDirPath = "";
			projectReferences = (
				{
					ProductGroup = BEDAD1F823109A4A00592C01 /* Products */;
					ProjectRef = BEDAD1F723109A4A00592C01 /* Swifter.xcodeproj */;
				},
			);
			projectRoot = "";
			targets = (
				BE605D6A230DB78A00B7200F /* Parotter */,
			);
		};
/* End PBXProject section */

/* Begin PBXReferenceProxy section */
		BEDAD20023109A4A00592C01 /* SwifterDemoiOS.app */ = {
			isa = PBXReferenceProxy;
			fileType = wrapper.application;
			path = SwifterDemoiOS.app;
			remoteRef = BEDAD1FF23109A4A00592C01 /* PBXContainerItemProxy */;
			sourceTree = BUILT_PRODUCTS_DIR;
		};
		BEDAD20223109A4A00592C01 /* SwifteriOS.framework */ = {
			isa = PBXReferenceProxy;
			fileType = wrapper.framework;
			path = SwifteriOS.framework;
			remoteRef = BEDAD20123109A4A00592C01 /* PBXContainerItemProxy */;
			sourceTree = BUILT_PRODUCTS_DIR;
		};
		BEDAD20423109A4A00592C01 /* SwifterMac.framework */ = {
			isa = PBXReferenceProxy;
			fileType = wrapper.framework;
			path = SwifterMac.framework;
			remoteRef = BEDAD20323109A4A00592C01 /* PBXContainerItemProxy */;
			sourceTree = BUILT_PRODUCTS_DIR;
		};
		BEDAD20623109A4A00592C01 /* SwifterDemoMac.app */ = {
			isa = PBXReferenceProxy;
			fileType = wrapper.application;
			path = SwifterDemoMac.app;
			remoteRef = BEDAD20523109A4A00592C01 /* PBXContainerItemProxy */;
			sourceTree = BUILT_PRODUCTS_DIR;
		};
		BEDAD20823109A4A00592C01 /* SwifterTests.xctest */ = {
			isa = PBXReferenceProxy;
			fileType = wrapper.cfbundle;
			path = SwifterTests.xctest;
			remoteRef = BEDAD20723109A4A00592C01 /* PBXContainerItemProxy */;
			sourceTree = BUILT_PRODUCTS_DIR;
		};
/* End PBXReferenceProxy section */

/* Begin PBXResourcesBuildPhase section */
		BE605D69230DB78A00B7200F /* Resources */ = {
			isa = PBXResourcesBuildPhase;
			buildActionMask = 2147483647;
			files = (
				BE605D79230DB78B00B7200F /* LaunchScreen.storyboard in Resources */,
				BE605D76230DB78B00B7200F /* Assets.xcassets in Resources */,
				BE605D74230DB78A00B7200F /* Main.storyboard in Resources */,
			);
			runOnlyForDeploymentPostprocessing = 0;
		};
/* End PBXResourcesBuildPhase section */

/* Begin PBXSourcesBuildPhase section */
		BE605D67230DB78A00B7200F /* Sources */ = {
			isa = PBXSourcesBuildPhase;
			buildActionMask = 2147483647;
			files = (
				BE605D71230DB78A00B7200F /* AuthViewController.swift in Sources */,
				BE605D6F230DB78A00B7200F /* AppDelegate.swift in Sources */,
				BEAC37DE2310E7A800671150 /* NetworkHelper.swift in Sources */,
				BE605D97230DE8E100B7200F /* TweetsViewController.swift in Sources */,
				BE605D99230DED1400B7200F /* TweetCell.swift in Sources */,
			);
			runOnlyForDeploymentPostprocessing = 0;
		};
/* End PBXSourcesBuildPhase section */

/* Begin PBXVariantGroup section */
		BE605D72230DB78A00B7200F /* Main.storyboard */ = {
			isa = PBXVariantGroup;
			children = (
				BE605D73230DB78A00B7200F /* Base */,
			);
			name = Main.storyboard;
			sourceTree = "<group>";
		};
		BE605D77230DB78B00B7200F /* LaunchScreen.storyboard */ = {
			isa = PBXVariantGroup;
			children = (
				BE605D78230DB78B00B7200F /* Base */,
			);
			name = LaunchScreen.storyboard;
			sourceTree = "<group>";
		};
/* End PBXVariantGroup section */

/* Begin XCBuildConfiguration section */
		BE605D7B230DB78B00B7200F /* Debug */ = {
			isa = XCBuildConfiguration;
			buildSettings = {
				ALWAYS_SEARCH_USER_PATHS = NO;
				CLANG_ANALYZER_NONNULL = YES;
				CLANG_ANALYZER_NUMBER_OBJECT_CONVERSION = YES_AGGRESSIVE;
				CLANG_CXX_LANGUAGE_STANDARD = "gnu++14";
				CLANG_CXX_LIBRARY = "libc++";
				CLANG_ENABLE_MODULES = YES;
				CLANG_ENABLE_OBJC_ARC = YES;
				CLANG_ENABLE_OBJC_WEAK = YES;
				CLANG_WARN_BLOCK_CAPTURE_AUTORELEASING = YES;
				CLANG_WARN_BOOL_CONVERSION = YES;
				CLANG_WARN_COMMA = YES;
				CLANG_WARN_CONSTANT_CONVERSION = YES;
				CLANG_WARN_DEPRECATED_OBJC_IMPLEMENTATIONS = YES;
				CLANG_WARN_DIRECT_OBJC_ISA_USAGE = YES_ERROR;
				CLANG_WARN_DOCUMENTATION_COMMENTS = YES;
				CLANG_WARN_EMPTY_BODY = YES;
				CLANG_WARN_ENUM_CONVERSION = YES;
				CLANG_WARN_INFINITE_RECURSION = YES;
				CLANG_WARN_INT_CONVERSION = YES;
				CLANG_WARN_NON_LITERAL_NULL_CONVERSION = YES;
				CLANG_WARN_OBJC_IMPLICIT_RETAIN_SELF = YES;
				CLANG_WARN_OBJC_LITERAL_CONVERSION = YES;
				CLANG_WARN_OBJC_ROOT_CLASS = YES_ERROR;
				CLANG_WARN_RANGE_LOOP_ANALYSIS = YES;
				CLANG_WARN_STRICT_PROTOTYPES = YES;
				CLANG_WARN_SUSPICIOUS_MOVE = YES;
				CLANG_WARN_UNGUARDED_AVAILABILITY = YES_AGGRESSIVE;
				CLANG_WARN_UNREACHABLE_CODE = YES;
				CLANG_WARN__DUPLICATE_METHOD_MATCH = YES;
				CODE_SIGN_IDENTITY = "iPhone Developer";
				COPY_PHASE_STRIP = NO;
				DEBUG_INFORMATION_FORMAT = dwarf;
				ENABLE_STRICT_OBJC_MSGSEND = YES;
				ENABLE_TESTABILITY = YES;
				GCC_C_LANGUAGE_STANDARD = gnu11;
				GCC_DYNAMIC_NO_PIC = NO;
				GCC_NO_COMMON_BLOCKS = YES;
				GCC_OPTIMIZATION_LEVEL = 0;
				GCC_PREPROCESSOR_DEFINITIONS = (
					"DEBUG=1",
					"$(inherited)",
				);
				GCC_WARN_64_TO_32_BIT_CONVERSION = YES;
				GCC_WARN_ABOUT_RETURN_TYPE = YES_ERROR;
				GCC_WARN_UNDECLARED_SELECTOR = YES;
				GCC_WARN_UNINITIALIZED_AUTOS = YES_AGGRESSIVE;
				GCC_WARN_UNUSED_FUNCTION = YES;
				GCC_WARN_UNUSED_VARIABLE = YES;
				IPHONEOS_DEPLOYMENT_TARGET = 12.4;
				MTL_ENABLE_DEBUG_INFO = INCLUDE_SOURCE;
				MTL_FAST_MATH = YES;
				ONLY_ACTIVE_ARCH = YES;
				SDKROOT = iphoneos;
				SWIFT_ACTIVE_COMPILATION_CONDITIONS = DEBUG;
				SWIFT_OPTIMIZATION_LEVEL = "-Onone";
			};
			name = Debug;
		};
		BE605D7C230DB78B00B7200F /* Release */ = {
			isa = XCBuildConfiguration;
			buildSettings = {
				ALWAYS_SEARCH_USER_PATHS = NO;
				CLANG_ANALYZER_NONNULL = YES;
				CLANG_ANALYZER_NUMBER_OBJECT_CONVERSION = YES_AGGRESSIVE;
				CLANG_CXX_LANGUAGE_STANDARD = "gnu++14";
				CLANG_CXX_LIBRARY = "libc++";
				CLANG_ENABLE_MODULES = YES;
				CLANG_ENABLE_OBJC_ARC = YES;
				CLANG_ENABLE_OBJC_WEAK = YES;
				CLANG_WARN_BLOCK_CAPTURE_AUTORELEASING = YES;
				CLANG_WARN_BOOL_CONVERSION = YES;
				CLANG_WARN_COMMA = YES;
				CLANG_WARN_CONSTANT_CONVERSION = YES;
				CLANG_WARN_DEPRECATED_OBJC_IMPLEMENTATIONS = YES;
				CLANG_WARN_DIRECT_OBJC_ISA_USAGE = YES_ERROR;
				CLANG_WARN_DOCUMENTATION_COMMENTS = YES;
				CLANG_WARN_EMPTY_BODY = YES;
				CLANG_WARN_ENUM_CONVERSION = YES;
				CLANG_WARN_INFINITE_RECURSION = YES;
				CLANG_WARN_INT_CONVERSION = YES;
				CLANG_WARN_NON_LITERAL_NULL_CONVERSION = YES;
				CLANG_WARN_OBJC_IMPLICIT_RETAIN_SELF = YES;
				CLANG_WARN_OBJC_LITERAL_CONVERSION = YES;
				CLANG_WARN_OBJC_ROOT_CLASS = YES_ERROR;
				CLANG_WARN_RANGE_LOOP_ANALYSIS = YES;
				CLANG_WARN_STRICT_PROTOTYPES = YES;
				CLANG_WARN_SUSPICIOUS_MOVE = YES;
				CLANG_WARN_UNGUARDED_AVAILABILITY = YES_AGGRESSIVE;
				CLANG_WARN_UNREACHABLE_CODE = YES;
				CLANG_WARN__DUPLICATE_METHOD_MATCH = YES;
				CODE_SIGN_IDENTITY = "iPhone Developer";
				COPY_PHASE_STRIP = NO;
				DEBUG_INFORMATION_FORMAT = "dwarf-with-dsym";
				ENABLE_NS_ASSERTIONS = NO;
				ENABLE_STRICT_OBJC_MSGSEND = YES;
				GCC_C_LANGUAGE_STANDARD = gnu11;
				GCC_NO_COMMON_BLOCKS = YES;
				GCC_WARN_64_TO_32_BIT_CONVERSION = YES;
				GCC_WARN_ABOUT_RETURN_TYPE = YES_ERROR;
				GCC_WARN_UNDECLARED_SELECTOR = YES;
				GCC_WARN_UNINITIALIZED_AUTOS = YES_AGGRESSIVE;
				GCC_WARN_UNUSED_FUNCTION = YES;
				GCC_WARN_UNUSED_VARIABLE = YES;
				IPHONEOS_DEPLOYMENT_TARGET = 12.4;
				MTL_ENABLE_DEBUG_INFO = NO;
				MTL_FAST_MATH = YES;
				SDKROOT = iphoneos;
				SWIFT_COMPILATION_MODE = wholemodule;
				SWIFT_OPTIMIZATION_LEVEL = "-O";
				VALIDATE_PRODUCT = YES;
			};
			name = Release;
		};
		BE605D7E230DB78B00B7200F /* Debug */ = {
			isa = XCBuildConfiguration;
			buildSettings = {
				ASSETCATALOG_COMPILER_APPICON_NAME = AppIcon;
				CODE_SIGN_STYLE = Automatic;
				DEVELOPMENT_TEAM = N94Q455WA8;
				INFOPLIST_FILE = Parotter/Info.plist;
				LD_RUNPATH_SEARCH_PATHS = (
					"$(inherited)",
					"@executable_path/Frameworks",
				);
				PRODUCT_BUNDLE_IDENTIFIER = com.example.Parotter;
				PRODUCT_NAME = "$(TARGET_NAME)";
				SWIFT_VERSION = 5.0;
				TARGETED_DEVICE_FAMILY = "1,2";
			};
			name = Debug;
		};
		BE605D7F230DB78B00B7200F /* Release */ = {
			isa = XCBuildConfiguration;
			buildSettings = {
				ASSETCATALOG_COMPILER_APPICON_NAME = AppIcon;
				CODE_SIGN_STYLE = Automatic;
				DEVELOPMENT_TEAM = N94Q455WA8;
				INFOPLIST_FILE = Parotter/Info.plist;
				LD_RUNPATH_SEARCH_PATHS = (
					"$(inherited)",
					"@executable_path/Frameworks",
				);
				PRODUCT_BUNDLE_IDENTIFIER = com.example.Parotter;
				PRODUCT_NAME = "$(TARGET_NAME)";
				SWIFT_VERSION = 5.0;
				TARGETED_DEVICE_FAMILY = "1,2";
			};
			name = Release;
		};
/* End XCBuildConfiguration section */

/* Begin XCConfigurationList section */
		BE605D66230DB78A00B7200F /* Build configuration list for PBXProject "Parotter" */ = {
			isa = XCConfigurationList;
			buildConfigurations = (
				BE605D7B230DB78B00B7200F /* Debug */,
				BE605D7C230DB78B00B7200F /* Release */,
			);
			defaultConfigurationIsVisible = 0;
			defaultConfigurationName = Release;
		};
		BE605D7D230DB78B00B7200F /* Build configuration list for PBXNativeTarget "Parotter" */ = {
			isa = XCConfigurationList;
			buildConfigurations = (
				BE605D7E230DB78B00B7200F /* Debug */,
				BE605D7F230DB78B00B7200F /* Release */,
			);
			defaultConfigurationIsVisible = 0;
			defaultConfigurationName = Release;
		};
/* End XCConfigurationList section */
	};
	rootObject = BE605D63230DB78A00B7200F /* Project object */;
}
